{
  "name": "@user-name/repo-name",
  "version": "1.0.0",
  "lockfileVersion": 1,
  "requires": true,
  "dependencies": {
    "@radoslavmarinov/custom-npm-package": {
      "version": "1.0.0",
      "resolved": "https://npm.pkg.github.com/download/@radoslavmarinov/custom-npm-package/1.0.0/abc5fdcca554614c911d68bc32c116b344b11347536293df86925c22e3993bdd",
      "integrity": "sha512-jp2onD/dK2mbp8Y6F6hFeVZe3Hjf+W9BZBbeGgYet0vjLtzceigr6LFDIfuT1OlxCaIFiU+S/dQ/akT+mSvxIg=="
    }
  }
}
